
Microsoft Visual Studio Solution File, Format Version 12.00
# Visual Studio Version 17
VisualStudioVersion = 17.13.35818.85 d17.13
MinimumVisualStudioVersion = 10.0.40219.1
Project("{FAE04EC0-301F-11D3-BF4B-00C04F79EFBC}") = "VetVida.UI", "VetVida.UI\VetVida.UI.csproj", "{FDB225FE-DDA7-4EE5-A703-2D761B142711}"
EndProject
Project("{FAE04EC0-301F-11D3-BF4B-00C04F79EFBC}") = "VetVida.BLL", "VetVida.BLL\VetVida.BLL.csproj", "{1AFD95B7-D428-4BD4-B4E6-17EE3823D750}"
EndProject
Project("{FAE04EC0-301F-11D3-BF4B-00C04F79EFBC}") = "VetVida.DAL", "VetVida.DAL\VetVida.DAL.csproj", "{B6A252D8-3143-4CE1-A38D-E63E42BDB1D0}"
EndProject
Project("{FAE04EC0-301F-11D3-BF4B-00C04F79EFBC}") = "VetVida.Ents", "VetVida.Ents\VetVida.Ents.csproj", "{276A0440-359B-41B9-8D66-62B218064621}"
EndProject
Project("{2150E333-8FDC-42A3-9474-1A3956D46DE8}") = "Entities", "Entities", "{02EA681E-C7D8-13C7-8484-4AC65E1B71E8}"
EndProject
Project("{2150E333-8FDC-42A3-9474-1A3956D46DE8}") = "Data", "Data", "{FB77CB04-0684-4D9F-A9CE-D9CD5CF03928}"
EndProject
Project("{2150E333-8FDC-42A3-9474-1A3956D46DE8}") = "Presentation", "Presentation", "{415C0A16-F5DF-4FF5-BFA3-705EE63911EB}"
EndProject
Project("{2150E333-8FDC-42A3-9474-1A3956D46DE8}") = "Logic", "Logic", "{6DBD568D-8679-404B-B948-013FBF698BC9}"
EndProject
Global
	GlobalSection(SolutionConfigurationPlatforms) = preSolution
		Debug|Any CPU = Debug|Any CPU
		Release|Any CPU = Release|Any CPU
	EndGlobalSection
	GlobalSection(ProjectConfigurationPlatforms) = postSolution
		{FDB225FE-DDA7-4EE5-A703-2D761B142711}.Debug|Any CPU.ActiveCfg = Debug|Any CPU
		{FDB225FE-DDA7-4EE5-A703-2D761B142711}.Debug|Any CPU.Build.0 = Debug|Any CPU
		{FDB225FE-DDA7-4EE5-A703-2D761B142711}.Release|Any CPU.ActiveCfg = Release|Any CPU
		{FDB225FE-DDA7-4EE5-A703-2D761B142711}.Release|Any CPU.Build.0 = Release|Any CPU
		{1AFD95B7-D428-4BD4-B4E6-17EE3823D750}.Debug|Any CPU.ActiveCfg = Debug|Any CPU
		{1AFD95B7-D428-4BD4-B4E6-17EE3823D750}.Debug|Any CPU.Build.0 = Debug|Any CPU
		{1AFD95B7-D428-4BD4-B4E6-17EE3823D750}.Release|Any CPU.ActiveCfg = Release|Any CPU
		{1AFD95B7-D428-4BD4-B4E6-17EE3823D750}.Release|Any CPU.Build.0 = Release|Any CPU
		{B6A252D8-3143-4CE1-A38D-E63E42BDB1D0}.Debug|Any CPU.ActiveCfg = Debug|Any CPU
		{B6A252D8-3143-4CE1-A38D-E63E42BDB1D0}.Debug|Any CPU.Build.0 = Debug|Any CPU
		{B6A252D8-3143-4CE1-A38D-E63E42BDB1D0}.Release|Any CPU.ActiveCfg = Release|Any CPU
		{B6A252D8-3143-4CE1-A38D-E63E42BDB1D0}.Release|Any CPU.Build.0 = Release|Any CPU
		{276A0440-359B-41B9-8D66-62B218064621}.Debug|Any CPU.ActiveCfg = Debug|Any CPU
		{276A0440-359B-41B9-8D66-62B218064621}.Debug|Any CPU.Build.0 = Debug|Any CPU
		{276A0440-359B-41B9-8D66-62B218064621}.Release|Any CPU.ActiveCfg = Release|Any CPU
		{276A0440-359B-41B9-8D66-62B218064621}.Release|Any CPU.Build.0 = Release|Any CPU
	EndGlobalSection
	GlobalSection(SolutionProperties) = preSolution
		HideSolutionNode = FALSE
	EndGlobalSection
	GlobalSection(NestedProjects) = preSolution
		{FDB225FE-DDA7-4EE5-A703-2D761B142711} = {415C0A16-F5DF-4FF5-BFA3-705EE63911EB}
		{1AFD95B7-D428-4BD4-B4E6-17EE3823D750} = {6DBD568D-8679-404B-B948-013FBF698BC9}
		{B6A252D8-3143-4CE1-A38D-E63E42BDB1D0} = {FB77CB04-0684-4D9F-A9CE-D9CD5CF03928}
		{276A0440-359B-41B9-8D66-62B218064621} = {02EA681E-C7D8-13C7-8484-4AC65E1B71E8}
	EndGlobalSection
	GlobalSection(ExtensibilityGlobals) = postSolution
		SolutionGuid = {CDAC82BF-F3EC-4DD4-A19C-D98C31026A57}
	EndGlobalSection
EndGlobal
